
Microsoft Visual Studio Solution File, Format Version 12.00
# Visual Studio 2013
VisualStudioVersion = 12.0.21005.1
MinimumVisualStudioVersion = 10.0.40219.1
Project("{FAE04EC0-301F-11D3-BF4B-00C04F79EFBC}") = "CommunicationServer", "CommunicationServer\CommunicationServer.csproj", "{9FAAB6CC-EDBC-4C22-B8AE-F58B0FF717B0}"
EndProject
Project("{FAE04EC0-301F-11D3-BF4B-00C04F79EFBC}") = "TaskManager", "TaskManager\TaskManager.csproj", "{B3D62D63-3043-4B77-B081-B316EA1EE4B2}"
EndProject
Project("{FAE04EC0-301F-11D3-BF4B-00C04F79EFBC}") = "ComputationalNode", "ComputationalNode\ComputationalNode.csproj", "{D4322DD1-AC18-49A5-865D-374B20A7BC2B}"
EndProject
Project("{FAE04EC0-301F-11D3-BF4B-00C04F79EFBC}") = "ComputationalClient", "ComputationalClient\ComputationalClient.csproj", "{26A1D6E8-75BA-4B03-B2A4-044527FFBB81}"
EndProject
Project("{FAE04EC0-301F-11D3-BF4B-00C04F79EFBC}") = "Common", "Common\Common.csproj", "{627E7240-1177-4665-971A-9B935261E8DA}"
EndProject
Project("{FAE04EC0-301F-11D3-BF4B-00C04F79EFBC}") = "UnitTests", "UnitTests\UnitTests.csproj", "{3A79DA83-DF62-496D-A711-A9F5359FB1BD}"
EndProject
Project("{FAE04EC0-301F-11D3-BF4B-00C04F79EFBC}") = "DvrpUtils", "DvrpUtils\DvrpUtils.csproj", "{8E49724F-8D83-4996-B744-FEE020C2427B}"
EndProject
Global
	GlobalSection(SolutionConfigurationPlatforms) = preSolution
		Debug|Any CPU = Debug|Any CPU
		Release|Any CPU = Release|Any CPU
	EndGlobalSection
	GlobalSection(ProjectConfigurationPlatforms) = postSolution
		{9FAAB6CC-EDBC-4C22-B8AE-F58B0FF717B0}.Debug|Any CPU.ActiveCfg = Debug|Any CPU
		{9FAAB6CC-EDBC-4C22-B8AE-F58B0FF717B0}.Debug|Any CPU.Build.0 = Debug|Any CPU
		{9FAAB6CC-EDBC-4C22-B8AE-F58B0FF717B0}.Release|Any CPU.ActiveCfg = Release|Any CPU
		{9FAAB6CC-EDBC-4C22-B8AE-F58B0FF717B0}.Release|Any CPU.Build.0 = Release|Any CPU
		{B3D62D63-3043-4B77-B081-B316EA1EE4B2}.Debug|Any CPU.ActiveCfg = Debug|Any CPU
		{B3D62D63-3043-4B77-B081-B316EA1EE4B2}.Debug|Any CPU.Build.0 = Debug|Any CPU
		{B3D62D63-3043-4B77-B081-B316EA1EE4B2}.Release|Any CPU.ActiveCfg = Release|Any CPU
		{B3D62D63-3043-4B77-B081-B316EA1EE4B2}.Release|Any CPU.Build.0 = Release|Any CPU
		{D4322DD1-AC18-49A5-865D-374B20A7BC2B}.Debug|Any CPU.ActiveCfg = Debug|Any CPU
		{D4322DD1-AC18-49A5-865D-374B20A7BC2B}.Debug|Any CPU.Build.0 = Debug|Any CPU
		{D4322DD1-AC18-49A5-865D-374B20A7BC2B}.Debug|Any CPU.Deploy.0 = Debug|Any CPU
		{D4322DD1-AC18-49A5-865D-374B20A7BC2B}.Release|Any CPU.ActiveCfg = Release|Any CPU
		{D4322DD1-AC18-49A5-865D-374B20A7BC2B}.Release|Any CPU.Build.0 = Release|Any CPU
		{26A1D6E8-75BA-4B03-B2A4-044527FFBB81}.Debug|Any CPU.ActiveCfg = Debug|Any CPU
		{26A1D6E8-75BA-4B03-B2A4-044527FFBB81}.Debug|Any CPU.Build.0 = Debug|Any CPU
		{26A1D6E8-75BA-4B03-B2A4-044527FFBB81}.Release|Any CPU.ActiveCfg = Release|Any CPU
		{26A1D6E8-75BA-4B03-B2A4-044527FFBB81}.Release|Any CPU.Build.0 = Release|Any CPU
		{627E7240-1177-4665-971A-9B935261E8DA}.Debug|Any CPU.ActiveCfg = Debug|Any CPU
		{627E7240-1177-4665-971A-9B935261E8DA}.Debug|Any CPU.Build.0 = Debug|Any CPU
		{627E7240-1177-4665-971A-9B935261E8DA}.Release|Any CPU.ActiveCfg = Release|Any CPU
		{627E7240-1177-4665-971A-9B935261E8DA}.Release|Any CPU.Build.0 = Release|Any CPU
		{3A79DA83-DF62-496D-A711-A9F5359FB1BD}.Debug|Any CPU.ActiveCfg = Debug|Any CPU
		{3A79DA83-DF62-496D-A711-A9F5359FB1BD}.Debug|Any CPU.Build.0 = Debug|Any CPU
		{3A79DA83-DF62-496D-A711-A9F5359FB1BD}.Release|Any CPU.ActiveCfg = Release|Any CPU
		{3A79DA83-DF62-496D-A711-A9F5359FB1BD}.Release|Any CPU.Build.0 = Release|Any CPU
		{8E49724F-8D83-4996-B744-FEE020C2427B}.Debug|Any CPU.ActiveCfg = Debug|Any CPU
		{8E49724F-8D83-4996-B744-FEE020C2427B}.Debug|Any CPU.Build.0 = Debug|Any CPU
		{8E49724F-8D83-4996-B744-FEE020C2427B}.Release|Any CPU.ActiveCfg = Release|Any CPU
		{8E49724F-8D83-4996-B744-FEE020C2427B}.Release|Any CPU.Build.0 = Release|Any CPU
	EndGlobalSection
	GlobalSection(SolutionProperties) = preSolution
		HideSolutionNode = FALSE
	EndGlobalSection
EndGlobal
